
Microsoft Visual Studio Solution File, Format Version 12.00
# Visual Studio Version 16
VisualStudioVersion = 16.0.31515.178
MinimumVisualStudioVersion = 10.0.40219.1
Project("{FAE04EC0-301F-11D3-BF4B-00C04F79EFBC}") = "XBridge", "XBridge\XBridge.csproj", "{7FE65EC8-9804-4F0A-892E-269F4ABCCD9C}"
EndProject
Global
	GlobalSection(SolutionConfigurationPlatforms) = preSolution
		Debug|Any CPU = Debug|Any CPU
		Release|Any CPU = Release|Any CPU
	EndGlobalSection
	GlobalSection(ProjectConfigurationPlatforms) = postSolution
		{7FE65EC8-9804-4F0A-892E-269F4ABCCD9C}.Debug|Any CPU.ActiveCfg = Debug|Any CPU
		{7FE65EC8-9804-4F0A-892E-269F4ABCCD9C}.Debug|Any CPU.Build.0 = Debug|Any CPU
		{7FE65EC8-9804-4F0A-892E-269F4ABCCD9C}.Release|Any CPU.ActiveCfg = Release|Any CPU
		{7FE65EC8-9804-4F0A-892E-269F4ABCCD9C}.Release|Any CPU.Build.0 = Release|Any CPU
	EndGlobalSection
	GlobalSection(SolutionProperties) = preSolution
		HideSolutionNode = FALSE
	EndGlobalSection
	GlobalSection(ExtensibilityGlobals) = postSolution
		SolutionGuid = {5A544438-AFB7-44AA-A445-E59FED6832D1}
	EndGlobalSection
EndGlobal
