
Microsoft Visual Studio Solution File, Format Version 12.00
# Visual Studio Version 16
VisualStudioVersion = 16.0.31624.102
MinimumVisualStudioVersion = 10.0.40219.1
Project("{FAE04EC0-301F-11D3-BF4B-00C04F79EFBC}") = "XBridgeR", "XBridgeR\XBridgeR.csproj", "{139E7A98-3FC2-44EE-B0E4-9D68619FDFCC}"
EndProject
Project("{FAE04EC0-301F-11D3-BF4B-00C04F79EFBC}") = "MCSM.XBR", "MCSM.XBR\MCSM.XBR.csproj", "{76F69482-8FB9-4249-A06D-22EBCDF48B6D}"
EndProject
Global
	GlobalSection(SolutionConfigurationPlatforms) = preSolution
		Debug|Any CPU = Debug|Any CPU
		Release|Any CPU = Release|Any CPU
	EndGlobalSection
	GlobalSection(ProjectConfigurationPlatforms) = postSolution
		{139E7A98-3FC2-44EE-B0E4-9D68619FDFCC}.Debug|Any CPU.ActiveCfg = Debug|Any CPU
		{139E7A98-3FC2-44EE-B0E4-9D68619FDFCC}.Debug|Any CPU.Build.0 = Debug|Any CPU
		{139E7A98-3FC2-44EE-B0E4-9D68619FDFCC}.Release|Any CPU.ActiveCfg = Release|Any CPU
		{139E7A98-3FC2-44EE-B0E4-9D68619FDFCC}.Release|Any CPU.Build.0 = Release|Any CPU
		{76F69482-8FB9-4249-A06D-22EBCDF48B6D}.Debug|Any CPU.ActiveCfg = Debug|Any CPU
		{76F69482-8FB9-4249-A06D-22EBCDF48B6D}.Debug|Any CPU.Build.0 = Debug|Any CPU
		{76F69482-8FB9-4249-A06D-22EBCDF48B6D}.Release|Any CPU.ActiveCfg = Release|Any CPU
		{76F69482-8FB9-4249-A06D-22EBCDF48B6D}.Release|Any CPU.Build.0 = Release|Any CPU
	EndGlobalSection
	GlobalSection(SolutionProperties) = preSolution
		HideSolutionNode = FALSE
	EndGlobalSection
	GlobalSection(ExtensibilityGlobals) = postSolution
		SolutionGuid = {C3EA70C4-78EE-4F30-9509-EA3460FD7C7A}
	EndGlobalSection
EndGlobal
